
Microsoft Visual Studio Solution File, Format Version 12.00
# Visual Studio Version 16
VisualStudioVersion = 16.0.31702.278
MinimumVisualStudioVersion = 10.0.40219.1
Project("{FAE04EC0-301F-11D3-BF4B-00C04F79EFBC}") = "tic-tac-toe", "tic-tac-toe\tic-tac-toe.csproj", "{C482E0E3-18FC-4F79-A974-A635E2B2B2FD}"
EndProject
Global
	GlobalSection(SolutionConfigurationPlatforms) = preSolution
		Debug|Any CPU = Debug|Any CPU
		Release|Any CPU = Release|Any CPU
	EndGlobalSection
	GlobalSection(ProjectConfigurationPlatforms) = postSolution
		{C482E0E3-18FC-4F79-A974-A635E2B2B2FD}.Debug|Any CPU.ActiveCfg = Debug|Any CPU
		{C482E0E3-18FC-4F79-A974-A635E2B2B2FD}.Debug|Any CPU.Build.0 = Debug|Any CPU
		{C482E0E3-18FC-4F79-A974-A635E2B2B2FD}.Release|Any CPU.ActiveCfg = Release|Any CPU
		{C482E0E3-18FC-4F79-A974-A635E2B2B2FD}.Release|Any CPU.Build.0 = Release|Any CPU
	EndGlobalSection
	GlobalSection(SolutionProperties) = preSolution
		HideSolutionNode = FALSE
	EndGlobalSection
	GlobalSection(ExtensibilityGlobals) = postSolution
		SolutionGuid = {32CB15E6-0E84-4111-AF0F-697555468058}
	EndGlobalSection
EndGlobal
